{
  "version": "v1",
  "packages": {
    "@semapps/activitypub-components": {
      "signature": "0f1bc38bfa290d3f957c001913e8aae0"
    },
    "@semapps/auth-provider": {
      "signature": "a81a90fa06e0762670c471c05a17be22"
    },
    "@semapps/date-components": {
      "signature": "0c0e50cd73a190e06ea95db75ac22e49"
    },
    "@semapps/field-components": {
      "signature": "00e2211a4f599ed7b1d31a1f5a454fc1"
    },
    "@semapps/geo-components": {
      "signature": "a21adc81552477e7a6b1e446b36ace68"
    },
    "@semapps/input-components": {
      "signature": "871e315de0829f3b15e7b124968678e1"
    },
    "@semapps/list-components": {
      "signature": "50bd43ef0f2d9f97acd251cb38c6776a"
    },
    "@semapps/markdown-components": {
      "signature": "93833d30946ab744cd4393b89cfa284d"
    },
    "@semapps/semantic-data-provider": {
      "signature": "6e9ef646e305520975078ce18cb25533"
    }
  }
}